
Microsoft Visual Studio Solution File, Format Version 12.00
# Visual Studio Version 17
VisualStudioVersion = 17.5.33627.172
MinimumVisualStudioVersion = 10.0.40219.1
Project("{9A19103F-16F7-4668-BE54-9A1E7A4F7556}") = "HomeApi", "HomeApi\HomeApi.csproj", "{7A36232F-38F0-48C7-A2CA-C5BA239F45B8}"
EndProject
Project("{FAE04EC0-301F-11D3-BF4B-00C04F79EFBC}") = "HomeApi.Contracts", "HomeApi.Contracts\HomeApi.Contracts.csproj", "{0EC367DD-55AC-4009-9E02-0146F2B3B047}"
EndProject
Global
	GlobalSection(SolutionConfigurationPlatforms) = preSolution
		Debug|Any CPU = Debug|Any CPU
		Release|Any CPU = Release|Any CPU
	EndGlobalSection
	GlobalSection(ProjectConfigurationPlatforms) = postSolution
		{7A36232F-38F0-48C7-A2CA-C5BA239F45B8}.Debug|Any CPU.ActiveCfg = Debug|Any CPU
		{7A36232F-38F0-48C7-A2CA-C5BA239F45B8}.Debug|Any CPU.Build.0 = Debug|Any CPU
		{7A36232F-38F0-48C7-A2CA-C5BA239F45B8}.Release|Any CPU.ActiveCfg = Release|Any CPU
		{7A36232F-38F0-48C7-A2CA-C5BA239F45B8}.Release|Any CPU.Build.0 = Release|Any CPU
		{0EC367DD-55AC-4009-9E02-0146F2B3B047}.Debug|Any CPU.ActiveCfg = Debug|Any CPU
		{0EC367DD-55AC-4009-9E02-0146F2B3B047}.Debug|Any CPU.Build.0 = Debug|Any CPU
		{0EC367DD-55AC-4009-9E02-0146F2B3B047}.Release|Any CPU.ActiveCfg = Release|Any CPU
		{0EC367DD-55AC-4009-9E02-0146F2B3B047}.Release|Any CPU.Build.0 = Release|Any CPU
	EndGlobalSection
	GlobalSection(SolutionProperties) = preSolution
		HideSolutionNode = FALSE
	EndGlobalSection
	GlobalSection(ExtensibilityGlobals) = postSolution
		SolutionGuid = {11D33F2E-72B3-4E48-A927-0E9C65AEC1FF}
	EndGlobalSection
EndGlobal
